// !$*UTF8*$!
{
	archiveVersion = 1;
	classes = {
	};
	objectVersion = 46;
	objects = {

/* Begin PBXBuildFile section */
		15C1AB3D04D5B0115FA57789 /* libPods.a in Frameworks */ = {isa = PBXBuildFile; fileRef = 19920590E97860DB56B1A8D9 /* libPods.a */; };
		43096DD51AF54B6D00BB817B /* bigSpeaker.png in Resources */ = {isa = PBXBuildFile; fileRef = 43096DD41AF54B6D00BB817B /* bigSpeaker.png */; };
		432B0C531AD3B3A80086B4A3 /* cameraBtn.png in Resources */ = {isa = PBXBuildFile; fileRef = 432B0C511AD3B3A80086B4A3 /* cameraBtn.png */; };
		432B0C541AD3B3A80086B4A3 /* settingsBtn.png in Resources */ = {isa = PBXBuildFile; fileRef = 432B0C521AD3B3A80086B4A3 /* settingsBtn.png */; };
		432B0C571AD3BA770086B4A3 /* speaker1.png in Resources */ = {isa = PBXBuildFile; fileRef = 432B0C561AD3BA770086B4A3 /* speaker1.png */; };
		432B0C5A1AD3BBFF0086B4A3 /* SAFView.m in Sources */ = {isa = PBXBuildFile; fileRef = 432B0C591AD3BBFF0086B4A3 /* SAFView.m */; };
		432B0C5C1AD44B300086B4A3 /* otherImg1.jpg in Resources */ = {isa = PBXBuildFile; fileRef = 432B0C5B1AD44B300086B4A3 /* otherImg1.jpg */; };
		432B0C611AD48A600086B4A3 /* AudioHelper.m in Sources */ = {isa = PBXBuildFile; fileRef = 432B0C601AD48A600086B4A3 /* AudioHelper.m */; };
		432B0C6B1AD48B3E0086B4A3 /* airstrike.mp3 in Resources */ = {isa = PBXBuildFile; fileRef = 432B0C631AD48B3E0086B4A3 /* airstrike.mp3 */; };
		432B0C6C1AD48B3E0086B4A3 /* Fart1.caf in Resources */ = {isa = PBXBuildFile; fileRef = 432B0C641AD48B3E0086B4A3 /* Fart1.caf */; };
		432B0C6D1AD48B3E0086B4A3 /* Fart2.caf in Resources */ = {isa = PBXBuildFile; fileRef = 432B0C651AD48B3E0086B4A3 /* Fart2.caf */; };
		432B0C6E1AD48B3E0086B4A3 /* Fart3.caf in Resources */ = {isa = PBXBuildFile; fileRef = 432B0C661AD48B3E0086B4A3 /* Fart3.caf */; };
		432B0C6F1AD48B3E0086B4A3 /* Fart4.caf in Resources */ = {isa = PBXBuildFile; fileRef = 432B0C671AD48B3E0086B4A3 /* Fart4.caf */; };
		432B0C701AD48B3E0086B4A3 /* Fart5.caf in Resources */ = {isa = PBXBuildFile; fileRef = 432B0C681AD48B3E0086B4A3 /* Fart5.caf */; };
		432B0C711AD48B3E0086B4A3 /* Fart6.caf in Resources */ = {isa = PBXBuildFile; fileRef = 432B0C691AD48B3E0086B4A3 /* Fart6.caf */; };
		432B0C721AD48B3E0086B4A3 /* Fart7.caf in Resources */ = {isa = PBXBuildFile; fileRef = 432B0C6A1AD48B3E0086B4A3 /* Fart7.caf */; };
		4367B74F1AD3A8B10032C4F8 /* SAFTabBarController.m in Sources */ = {isa = PBXBuildFile; fileRef = 4367B74E1AD3A8B10032C4F8 /* SAFTabBarController.m */; };
		4367B7521AD3ADC50032C4F8 /* OfflineViewController.m in Sources */ = {isa = PBXBuildFile; fileRef = 4367B7511AD3ADC50032C4F8 /* OfflineViewController.m */; };
		4367B7551AD3ADD70032C4F8 /* OnlineViewController.m in Sources */ = {isa = PBXBuildFile; fileRef = 4367B7541AD3ADD70032C4F8 /* OnlineViewController.m */; };
		436EB9541AD37E8100A404B7 /* main.m in Sources */ = {isa = PBXBuildFile; fileRef = 436EB9531AD37E8100A404B7 /* main.m */; };
		436EB9571AD37E8100A404B7 /* AppDelegate.m in Sources */ = {isa = PBXBuildFile; fileRef = 436EB9561AD37E8100A404B7 /* AppDelegate.m */; };
		436EB95F1AD37E8100A404B7 /* Images.xcassets in Resources */ = {isa = PBXBuildFile; fileRef = 436EB95E1AD37E8100A404B7 /* Images.xcassets */; };
		436EB9621AD37E8100A404B7 /* LaunchScreen.xib in Resources */ = {isa = PBXBuildFile; fileRef = 436EB9601AD37E8100A404B7 /* LaunchScreen.xib */; };
		436EB96E1AD37E8100A404B7 /* SoundBomberTests.m in Sources */ = {isa = PBXBuildFile; fileRef = 436EB96D1AD37E8100A404B7 /* SoundBomberTests.m */; };
		437AECA61AF441B0009EE056 /* speakerIcon2x.png in Resources */ = {isa = PBXBuildFile; fileRef = 437AECA41AF441B0009EE056 /* speakerIcon2x.png */; };
		437AECA71AF441B0009EE056 /* speakerIcon3x.png in Resources */ = {isa = PBXBuildFile; fileRef = 437AECA51AF441B0009EE056 /* speakerIcon3x.png */; };
		437AECAA1AF44467009EE056 /* bomb2x.png in Resources */ = {isa = PBXBuildFile; fileRef = 437AECA81AF44467009EE056 /* bomb2x.png */; };
		437AECAB1AF44467009EE056 /* bomb3x.png in Resources */ = {isa = PBXBuildFile; fileRef = 437AECA91AF44467009EE056 /* bomb3x.png */; };
		43801A171AE758FE009B717B /* FriendTableViewCell.m in Sources */ = {isa = PBXBuildFile; fileRef = 43801A161AE758FE009B717B /* FriendTableViewCell.m */; };
		439238EB1AEFF3E300644E1B /* Scream1.caf in Resources */ = {isa = PBXBuildFile; fileRef = 439238E41AEFF3E300644E1B /* Scream1.caf */; };
		439238EC1AEFF3E300644E1B /* Scream2.caf in Resources */ = {isa = PBXBuildFile; fileRef = 439238E51AEFF3E300644E1B /* Scream2.caf */; };
		439238ED1AEFF3E300644E1B /* Scream3.caf in Resources */ = {isa = PBXBuildFile; fileRef = 439238E61AEFF3E300644E1B /* Scream3.caf */; };
		439238EE1AEFF3E300644E1B /* Scream4.caf in Resources */ = {isa = PBXBuildFile; fileRef = 439238E71AEFF3E300644E1B /* Scream4.caf */; };
		439238EF1AEFF3E300644E1B /* Scream5.caf in Resources */ = {isa = PBXBuildFile; fileRef = 439238E81AEFF3E300644E1B /* Scream5.caf */; };
		439238F01AEFF3E300644E1B /* Scream6.caf in Resources */ = {isa = PBXBuildFile; fileRef = 439238E91AEFF3E300644E1B /* Scream6.caf */; };
		439238F11AEFF3E300644E1B /* Scream7.caf in Resources */ = {isa = PBXBuildFile; fileRef = 439238EA1AEFF3E300644E1B /* Scream7.caf */; };
		439238F91AEFF4CE00644E1B /* Horn4.caf in Resources */ = {isa = PBXBuildFile; fileRef = 439238F21AEFF4CE00644E1B /* Horn4.caf */; };
		439238FA1AEFF4CE00644E1B /* Horn5.caf in Resources */ = {isa = PBXBuildFile; fileRef = 439238F31AEFF4CE00644E1B /* Horn5.caf */; };
		439238FB1AEFF4CE00644E1B /* Horn6.caf in Resources */ = {isa = PBXBuildFile; fileRef = 439238F41AEFF4CE00644E1B /* Horn6.caf */; };
		439238FC1AEFF4CE00644E1B /* Horn7.caf in Resources */ = {isa = PBXBuildFile; fileRef = 439238F51AEFF4CE00644E1B /* Horn7.caf */; };
		439238FD1AEFF4CE00644E1B /* Horn1.caf in Resources */ = {isa = PBXBuildFile; fileRef = 439238F61AEFF4CE00644E1B /* Horn1.caf */; };
		439238FE1AEFF4CE00644E1B /* Horn2.caf in Resources */ = {isa = PBXBuildFile; fileRef = 439238F71AEFF4CE00644E1B /* Horn2.caf */; };
		439238FF1AEFF4CE00644E1B /* Horn3.caf in Resources */ = {isa = PBXBuildFile; fileRef = 439238F81AEFF4CE00644E1B /* Horn3.caf */; };
		439CC2241AF1440500B74EA1 /* SettingsViewController.m in Sources */ = {isa = PBXBuildFile; fileRef = 439CC2231AF1440500B74EA1 /* SettingsViewController.m */; };
		439CC2271AF15C7600B74EA1 /* SoundTableViewCell.m in Sources */ = {isa = PBXBuildFile; fileRef = 439CC2261AF15C7600B74EA1 /* SoundTableViewCell.m */; };
		43FC78E81ADC17D5007CB16B /* facebookLoading.png in Resources */ = {isa = PBXBuildFile; fileRef = 43FC78E71ADC17D5007CB16B /* facebookLoading.png */; };
		43FC78EB1ADC18A5007CB16B /* SAFParseHelper.m in Sources */ = {isa = PBXBuildFile; fileRef = 43FC78EA1ADC18A5007CB16B /* SAFParseHelper.m */; };
		43FC78EE1ADC2CFE007CB16B /* Singleton.m in Sources */ = {isa = PBXBuildFile; fileRef = 43FC78ED1ADC2CFE007CB16B /* Singleton.m */; };
/* End PBXBuildFile section */

/* Begin PBXContainerItemProxy section */
		436EB9681AD37E8100A404B7 /* PBXContainerItemProxy */ = {
			isa = PBXContainerItemProxy;
			containerPortal = 436EB9461AD37E8100A404B7 /* Project object */;
			proxyType = 1;
			remoteGlobalIDString = 436EB94D1AD37E8100A404B7;
			remoteInfo = SoundBomber;
		};
/* End PBXContainerItemProxy section */

/* Begin PBXFileReference section */
		19920590E97860DB56B1A8D9 /* libPods.a */ = {isa = PBXFileReference; explicitFileType = archive.ar; includeInIndex = 0; path = libPods.a; sourceTree = BUILT_PRODUCTS_DIR; };
		343B2E21D762127757DE397A /* Pods.release.xcconfig */ = {isa = PBXFileReference; includeInIndex = 1; lastKnownFileType = text.xcconfig; name = Pods.release.xcconfig; path = "Pods/Target Support Files/Pods/Pods.release.xcconfig"; sourceTree = "<group>"; };
		43096DD41AF54B6D00BB817B /* bigSpeaker.png */ = {isa = PBXFileReference; lastKnownFileType = image.png; path = bigSpeaker.png; sourceTree = "<group>"; };
		432B0C511AD3B3A80086B4A3 /* cameraBtn.png */ = {isa = PBXFileReference; lastKnownFileType = image.png; path = cameraBtn.png; sourceTree = "<group>"; };
		432B0C521AD3B3A80086B4A3 /* settingsBtn.png */ = {isa = PBXFileReference; lastKnownFileType = image.png; path = settingsBtn.png; sourceTree = "<group>"; };
		432B0C551AD3B3D80086B4A3 /* PrefixHeader.pch */ = {isa = PBXFileReference; lastKnownFileType = sourcecode.c.h; path = PrefixHeader.pch; sourceTree = "<group>"; };
		432B0C561AD3BA770086B4A3 /* speaker1.png */ = {isa = PBXFileReference; lastKnownFileType = image.png; path = speaker1.png; sourceTree = "<group>"; };
		432B0C581AD3BBFF0086B4A3 /* SAFView.h */ = {isa = PBXFileReference; fileEncoding = 4; lastKnownFileType = sourcecode.c.h; path = SAFView.h; sourceTree = "<group>"; };
		432B0C591AD3BBFF0086B4A3 /* SAFView.m */ = {isa = PBXFileReference; fileEncoding = 4; lastKnownFileType = sourcecode.c.objc; path = SAFView.m; sourceTree = "<group>"; };
		432B0C5B1AD44B300086B4A3 /* otherImg1.jpg */ = {isa = PBXFileReference; lastKnownFileType = image.jpeg; path = otherImg1.jpg; sourceTree = "<group>"; };
		432B0C5F1AD48A600086B4A3 /* AudioHelper.h */ = {isa = PBXFileReference; fileEncoding = 4; lastKnownFileType = sourcecode.c.h; path = AudioHelper.h; sourceTree = "<group>"; };
		432B0C601AD48A600086B4A3 /* AudioHelper.m */ = {isa = PBXFileReference; fileEncoding = 4; lastKnownFileType = sourcecode.c.objc; path = AudioHelper.m; sourceTree = "<group>"; };
		432B0C631AD48B3E0086B4A3 /* airstrike.mp3 */ = {isa = PBXFileReference; lastKnownFileType = audio.mp3; path = airstrike.mp3; sourceTree = "<group>"; };
		432B0C641AD48B3E0086B4A3 /* Fart1.caf */ = {isa = PBXFileReference; lastKnownFileType = file; path = Fart1.caf; sourceTree = "<group>"; };
		432B0C651AD48B3E0086B4A3 /* Fart2.caf */ = {isa = PBXFileReference; lastKnownFileType = file; path = Fart2.caf; sourceTree = "<group>"; };
		432B0C661AD48B3E0086B4A3 /* Fart3.caf */ = {isa = PBXFileReference; lastKnownFileType = file; path = Fart3.caf; sourceTree = "<group>"; };
		432B0C671AD48B3E0086B4A3 /* Fart4.caf */ = {isa = PBXFileReference; lastKnownFileType = file; path = Fart4.caf; sourceTree = "<group>"; };
		432B0C681AD48B3E0086B4A3 /* Fart5.caf */ = {isa = PBXFileReference; lastKnownFileType = file; path = Fart5.caf; sourceTree = "<group>"; };
		432B0C691AD48B3E0086B4A3 /* Fart6.caf */ = {isa = PBXFileReference; lastKnownFileType = file; path = Fart6.caf; sourceTree = "<group>"; };
		432B0C6A1AD48B3E0086B4A3 /* Fart7.caf */ = {isa = PBXFileReference; lastKnownFileType = file; path = Fart7.caf; sourceTree = "<group>"; };
		432B0C731AD4D4520086B4A3 /* SoundBomber.entitlements */ = {isa = PBXFileReference; lastKnownFileType = text.xml; path = SoundBomber.entitlements; sourceTree = "<group>"; };
		4367B74D1AD3A8B10032C4F8 /* SAFTabBarController.h */ = {isa = PBXFileReference; fileEncoding = 4; lastKnownFileType = sourcecode.c.h; path = SAFTabBarController.h; sourceTree = "<group>"; };
		4367B74E1AD3A8B10032C4F8 /* SAFTabBarController.m */ = {isa = PBXFileReference; fileEncoding = 4; lastKnownFileType = sourcecode.c.objc; path = SAFTabBarController.m; sourceTree = "<group>"; };
		4367B7501AD3ADC50032C4F8 /* OfflineViewController.h */ = {isa = PBXFileReference; fileEncoding = 4; lastKnownFileType = sourcecode.c.h; path = OfflineViewController.h; sourceTree = "<group>"; };
		4367B7511AD3ADC50032C4F8 /* OfflineViewController.m */ = {isa = PBXFileReference; fileEncoding = 4; lastKnownFileType = sourcecode.c.objc; path = OfflineViewController.m; sourceTree = "<group>"; };
		4367B7531AD3ADD70032C4F8 /* OnlineViewController.h */ = {isa = PBXFileReference; fileEncoding = 4; lastKnownFileType = sourcecode.c.h; path = OnlineViewController.h; sourceTree = "<group>"; };
		4367B7541AD3ADD70032C4F8 /* OnlineViewController.m */ = {isa = PBXFileReference; fileEncoding = 4; lastKnownFileType = sourcecode.c.objc; path = OnlineViewController.m; sourceTree = "<group>"; };
		436EB94E1AD37E8100A404B7 /* SoundBomber.app */ = {isa = PBXFileReference; explicitFileType = wrapper.application; includeInIndex = 0; path = SoundBomber.app; sourceTree = BUILT_PRODUCTS_DIR; };
		436EB9521AD37E8100A404B7 /* Info.plist */ = {isa = PBXFileReference; lastKnownFileType = text.plist.xml; path = Info.plist; sourceTree = "<group>"; };
		436EB9531AD37E8100A404B7 /* main.m */ = {isa = PBXFileReference; lastKnownFileType = sourcecode.c.objc; path = main.m; sourceTree = "<group>"; };
		436EB9551AD37E8100A404B7 /* AppDelegate.h */ = {isa = PBXFileReference; lastKnownFileType = sourcecode.c.h; path = AppDelegate.h; sourceTree = "<group>"; };
		436EB9561AD37E8100A404B7 /* AppDelegate.m */ = {isa = PBXFileReference; lastKnownFileType = sourcecode.c.objc; path = AppDelegate.m; sourceTree = "<group>"; };
		436EB95E1AD37E8100A404B7 /* Images.xcassets */ = {isa = PBXFileReference; lastKnownFileType = folder.assetcatalog; path = Images.xcassets; sourceTree = "<group>"; };
		436EB9611AD37E8100A404B7 /* Base */ = {isa = PBXFileReference; lastKnownFileType = file.xib; name = Base; path = Base.lproj/LaunchScreen.xib; sourceTree = "<group>"; };
		436EB9671AD37E8100A404B7 /* SoundBomberTests.xctest */ = {isa = PBXFileReference; explicitFileType = wrapper.cfbundle; includeInIndex = 0; path = SoundBomberTests.xctest; sourceTree = BUILT_PRODUCTS_DIR; };
		436EB96C1AD37E8100A404B7 /* Info.plist */ = {isa = PBXFileReference; lastKnownFileType = text.plist.xml; path = Info.plist; sourceTree = "<group>"; };
		436EB96D1AD37E8100A404B7 /* SoundBomberTests.m */ = {isa = PBXFileReference; lastKnownFileType = sourcecode.c.objc; path = SoundBomberTests.m; sourceTree = "<group>"; };
		437AECA41AF441B0009EE056 /* speakerIcon2x.png */ = {isa = PBXFileReference; lastKnownFileType = image.png; path = speakerIcon2x.png; sourceTree = "<group>"; };
		437AECA51AF441B0009EE056 /* speakerIcon3x.png */ = {isa = PBXFileReference; lastKnownFileType = image.png; path = speakerIcon3x.png; sourceTree = "<group>"; };
		437AECA81AF44467009EE056 /* bomb2x.png */ = {isa = PBXFileReference; lastKnownFileType = image.png; path = bomb2x.png; sourceTree = "<group>"; };
		437AECA91AF44467009EE056 /* bomb3x.png */ = {isa = PBXFileReference; lastKnownFileType = image.png; path = bomb3x.png; sourceTree = "<group>"; };
		43801A151AE758FE009B717B /* FriendTableViewCell.h */ = {isa = PBXFileReference; fileEncoding = 4; lastKnownFileType = sourcecode.c.h; path = FriendTableViewCell.h; sourceTree = "<group>"; };
		43801A161AE758FE009B717B /* FriendTableViewCell.m */ = {isa = PBXFileReference; fileEncoding = 4; lastKnownFileType = sourcecode.c.objc; path = FriendTableViewCell.m; sourceTree = "<group>"; };
		439238E41AEFF3E300644E1B /* Scream1.caf */ = {isa = PBXFileReference; lastKnownFileType = file; path = Scream1.caf; sourceTree = "<group>"; };
		439238E51AEFF3E300644E1B /* Scream2.caf */ = {isa = PBXFileReference; lastKnownFileType = file; path = Scream2.caf; sourceTree = "<group>"; };
		439238E61AEFF3E300644E1B /* Scream3.caf */ = {isa = PBXFileReference; lastKnownFileType = file; path = Scream3.caf; sourceTree = "<group>"; };
		439238E71AEFF3E300644E1B /* Scream4.caf */ = {isa = PBXFileReference; lastKnownFileType = file; path = Scream4.caf; sourceTree = "<group>"; };
		439238E81AEFF3E300644E1B /* Scream5.caf */ = {isa = PBXFileReference; lastKnownFileType = file; path = Scream5.caf; sourceTree = "<group>"; };
		439238E91AEFF3E300644E1B /* Scream6.caf */ = {isa = PBXFileReference; lastKnownFileType = file; path = Scream6.caf; sourceTree = "<group>"; };
		439238EA1AEFF3E300644E1B /* Scream7.caf */ = {isa = PBXFileReference; lastKnownFileType = file; path = Scream7.caf; sourceTree = "<group>"; };
		439238F21AEFF4CE00644E1B /* Horn4.caf */ = {isa = PBXFileReference; lastKnownFileType = file; path = Horn4.caf; sourceTree = "<group>"; };
		439238F31AEFF4CE00644E1B /* Horn5.caf */ = {isa = PBXFileReference; lastKnownFileType = file; path = Horn5.caf; sourceTree = "<group>"; };
		439238F41AEFF4CE00644E1B /* Horn6.caf */ = {isa = PBXFileReference; lastKnownFileType = file; path = Horn6.caf; sourceTree = "<group>"; };
		439238F51AEFF4CE00644E1B /* Horn7.caf */ = {isa = PBXFileReference; lastKnownFileType = file; path = Horn7.caf; sourceTree = "<group>"; };
		439238F61AEFF4CE00644E1B /* Horn1.caf */ = {isa = PBXFileReference; lastKnownFileType = file; path = Horn1.caf; sourceTree = "<group>"; };
		439238F71AEFF4CE00644E1B /* Horn2.caf */ = {isa = PBXFileReference; lastKnownFileType = file; path = Horn2.caf; sourceTree = "<group>"; };
		439238F81AEFF4CE00644E1B /* Horn3.caf */ = {isa = PBXFileReference; lastKnownFileType = file; path = Horn3.caf; sourceTree = "<group>"; };
		439CC2221AF1440500B74EA1 /* SettingsViewController.h */ = {isa = PBXFileReference; fileEncoding = 4; lastKnownFileType = sourcecode.c.h; path = SettingsViewController.h; sourceTree = "<group>"; };
		439CC2231AF1440500B74EA1 /* SettingsViewController.m */ = {isa = PBXFileReference; fileEncoding = 4; lastKnownFileType = sourcecode.c.objc; path = SettingsViewController.m; sourceTree = "<group>"; };
		439CC2251AF15C7600B74EA1 /* SoundTableViewCell.h */ = {isa = PBXFileReference; fileEncoding = 4; lastKnownFileType = sourcecode.c.h; path = SoundTableViewCell.h; sourceTree = "<group>"; };
		439CC2261AF15C7600B74EA1 /* SoundTableViewCell.m */ = {isa = PBXFileReference; fileEncoding = 4; lastKnownFileType = sourcecode.c.objc; path = SoundTableViewCell.m; sourceTree = "<group>"; };
		43FC78E71ADC17D5007CB16B /* facebookLoading.png */ = {isa = PBXFileReference; lastKnownFileType = image.png; path = facebookLoading.png; sourceTree = "<group>"; };
		43FC78E91ADC18A5007CB16B /* SAFParseHelper.h */ = {isa = PBXFileReference; fileEncoding = 4; lastKnownFileType = sourcecode.c.h; path = SAFParseHelper.h; sourceTree = "<group>"; };
		43FC78EA1ADC18A5007CB16B /* SAFParseHelper.m */ = {isa = PBXFileReference; fileEncoding = 4; lastKnownFileType = sourcecode.c.objc; path = SAFParseHelper.m; sourceTree = "<group>"; };
		43FC78EC1ADC2CFE007CB16B /* Singleton.h */ = {isa = PBXFileReference; fileEncoding = 4; lastKnownFileType = sourcecode.c.h; path = Singleton.h; sourceTree = "<group>"; };
		43FC78ED1ADC2CFE007CB16B /* Singleton.m */ = {isa = PBXFileReference; fileEncoding = 4; lastKnownFileType = sourcecode.c.objc; path = Singleton.m; sourceTree = "<group>"; };
		EA72B5F94F9184640E24F04D /* Pods.debug.xcconfig */ = {isa = PBXFileReference; includeInIndex = 1; lastKnownFileType = text.xcconfig; name = Pods.debug.xcconfig; path = "Pods/Target Support Files/Pods/Pods.debug.xcconfig"; sourceTree = "<group>"; };
/* End PBXFileReference section */

/* Begin PBXFrameworksBuildPhase section */
		436EB94B1AD37E8100A404B7 /* Frameworks */ = {
			isa = PBXFrameworksBuildPhase;
			buildActionMask = 2147483647;
			files = (
				15C1AB3D04D5B0115FA57789 /* libPods.a in Frameworks */,
			);
			runOnlyForDeploymentPostprocessing = 0;
		};
		436EB9641AD37E8100A404B7 /* Frameworks */ = {
			isa = PBXFrameworksBuildPhase;
			buildActionMask = 2147483647;
			files = (
			);
			runOnlyForDeploymentPostprocessing = 0;
		};
/* End PBXFrameworksBuildPhase section */

/* Begin PBXGroup section */
		432B0C4E1AD3B36F0086B4A3 /* Images */ = {
			isa = PBXGroup;
			children = (
				43096DD41AF54B6D00BB817B /* bigSpeaker.png */,
				437AECA81AF44467009EE056 /* bomb2x.png */,
				437AECA91AF44467009EE056 /* bomb3x.png */,
				437AECA41AF441B0009EE056 /* speakerIcon2x.png */,
				437AECA51AF441B0009EE056 /* speakerIcon3x.png */,
				43FC78E71ADC17D5007CB16B /* facebookLoading.png */,
				432B0C511AD3B3A80086B4A3 /* cameraBtn.png */,
				432B0C5B1AD44B300086B4A3 /* otherImg1.jpg */,
				432B0C521AD3B3A80086B4A3 /* settingsBtn.png */,
				432B0C561AD3BA770086B4A3 /* speaker1.png */,
			);
			path = Images;
			sourceTree = "<group>";
		};
		432B0C621AD48B3E0086B4A3 /* Sounds */ = {
			isa = PBXGroup;
			children = (
				439238F21AEFF4CE00644E1B /* Horn4.caf */,
				439238F31AEFF4CE00644E1B /* Horn5.caf */,
				439238F41AEFF4CE00644E1B /* Horn6.caf */,
				439238F51AEFF4CE00644E1B /* Horn7.caf */,
				439238F61AEFF4CE00644E1B /* Horn1.caf */,
				439238F71AEFF4CE00644E1B /* Horn2.caf */,
				439238F81AEFF4CE00644E1B /* Horn3.caf */,
				439238E41AEFF3E300644E1B /* Scream1.caf */,
				439238E51AEFF3E300644E1B /* Scream2.caf */,
				439238E61AEFF3E300644E1B /* Scream3.caf */,
				439238E71AEFF3E300644E1B /* Scream4.caf */,
				439238E81AEFF3E300644E1B /* Scream5.caf */,
				439238E91AEFF3E300644E1B /* Scream6.caf */,
				439238EA1AEFF3E300644E1B /* Scream7.caf */,
				432B0C631AD48B3E0086B4A3 /* airstrike.mp3 */,
				432B0C641AD48B3E0086B4A3 /* Fart1.caf */,
				432B0C651AD48B3E0086B4A3 /* Fart2.caf */,
				432B0C661AD48B3E0086B4A3 /* Fart3.caf */,
				432B0C671AD48B3E0086B4A3 /* Fart4.caf */,
				432B0C681AD48B3E0086B4A3 /* Fart5.caf */,
				432B0C691AD48B3E0086B4A3 /* Fart6.caf */,
				432B0C6A1AD48B3E0086B4A3 /* Fart7.caf */,
			);
			path = Sounds;
			sourceTree = "<group>";
		};
		436EB9451AD37E8100A404B7 = {
			isa = PBXGroup;
			children = (
				436EB9501AD37E8100A404B7 /* SoundBomber */,
				436EB96A1AD37E8100A404B7 /* SoundBomberTests */,
				436EB94F1AD37E8100A404B7 /* Products */,
				78A4B492C005D306B3C781D4 /* Pods */,
				73BD695C09EB528C8AD5C341 /* Frameworks */,
			);
			sourceTree = "<group>";
		};
		436EB94F1AD37E8100A404B7 /* Products */ = {
			isa = PBXGroup;
			children = (
				436EB94E1AD37E8100A404B7 /* SoundBomber.app */,
				436EB9671AD37E8100A404B7 /* SoundBomberTests.xctest */,
			);
			name = Products;
			sourceTree = "<group>";
		};
		436EB9501AD37E8100A404B7 /* SoundBomber */ = {
			isa = PBXGroup;
			children = (
				432B0C731AD4D4520086B4A3 /* SoundBomber.entitlements */,
				436EB9551AD37E8100A404B7 /* AppDelegate.h */,
				436EB9561AD37E8100A404B7 /* AppDelegate.m */,
				4367B7501AD3ADC50032C4F8 /* OfflineViewController.h */,
				4367B7511AD3ADC50032C4F8 /* OfflineViewController.m */,
				439CC2221AF1440500B74EA1 /* SettingsViewController.h */,
				439CC2231AF1440500B74EA1 /* SettingsViewController.m */,
				439CC2251AF15C7600B74EA1 /* SoundTableViewCell.h */,
				439CC2261AF15C7600B74EA1 /* SoundTableViewCell.m */,
				432B0C581AD3BBFF0086B4A3 /* SAFView.h */,
				432B0C591AD3BBFF0086B4A3 /* SAFView.m */,
				4367B74D1AD3A8B10032C4F8 /* SAFTabBarController.h */,
				4367B74E1AD3A8B10032C4F8 /* SAFTabBarController.m */,
				4367B7531AD3ADD70032C4F8 /* OnlineViewController.h */,
				43801A151AE758FE009B717B /* FriendTableViewCell.h */,
				43801A161AE758FE009B717B /* FriendTableViewCell.m */,
				4367B7541AD3ADD70032C4F8 /* OnlineViewController.m */,
				43FC78E91ADC18A5007CB16B /* SAFParseHelper.h */,
				43FC78EA1ADC18A5007CB16B /* SAFParseHelper.m */,
				432B0C5F1AD48A600086B4A3 /* AudioHelper.h */,
				432B0C601AD48A600086B4A3 /* AudioHelper.m */,
				43FC78EC1ADC2CFE007CB16B /* Singleton.h */,
				43FC78ED1ADC2CFE007CB16B /* Singleton.m */,
				436EB95E1AD37E8100A404B7 /* Images.xcassets */,
				436EB9601AD37E8100A404B7 /* LaunchScreen.xib */,
				436EB9511AD37E8100A404B7 /* Supporting Files */,
				432B0C621AD48B3E0086B4A3 /* Sounds */,
				432B0C4E1AD3B36F0086B4A3 /* Images */,
			);
			path = SoundBomber;
			sourceTree = "<group>";
		};
		436EB9511AD37E8100A404B7 /* Supporting Files */ = {
			isa = PBXGroup;
			children = (
				432B0C551AD3B3D80086B4A3 /* PrefixHeader.pch */,
				436EB9521AD37E8100A404B7 /* Info.plist */,
				436EB9531AD37E8100A404B7 /* main.m */,
			);
			name = "Supporting Files";
			sourceTree = "<group>";
		};
		436EB96A1AD37E8100A404B7 /* SoundBomberTests */ = {
			isa = PBXGroup;
			children = (
				436EB96D1AD37E8100A404B7 /* SoundBomberTests.m */,
				436EB96B1AD37E8100A404B7 /* Supporting Files */,
			);
			path = SoundBomberTests;
			sourceTree = "<group>";
		};
		436EB96B1AD37E8100A404B7 /* Supporting Files */ = {
			isa = PBXGroup;
			children = (
				436EB96C1AD37E8100A404B7 /* Info.plist */,
			);
			name = "Supporting Files";
			sourceTree = "<group>";
		};
		73BD695C09EB528C8AD5C341 /* Frameworks */ = {
			isa = PBXGroup;
			children = (
				19920590E97860DB56B1A8D9 /* libPods.a */,
			);
			name = Frameworks;
			sourceTree = "<group>";
		};
		78A4B492C005D306B3C781D4 /* Pods */ = {
			isa = PBXGroup;
			children = (
				EA72B5F94F9184640E24F04D /* Pods.debug.xcconfig */,
				343B2E21D762127757DE397A /* Pods.release.xcconfig */,
			);
			name = Pods;
			sourceTree = "<group>";
		};
/* End PBXGroup section */

/* Begin PBXNativeTarget section */
		436EB94D1AD37E8100A404B7 /* SoundBomber */ = {
			isa = PBXNativeTarget;
			buildConfigurationList = 436EB9711AD37E8100A404B7 /* Build configuration list for PBXNativeTarget "SoundBomber" */;
			buildPhases = (
				1F850A2CA7C09E2946863F16 /* Check Pods Manifest.lock */,
				436EB94A1AD37E8100A404B7 /* Sources */,
				436EB94B1AD37E8100A404B7 /* Frameworks */,
				436EB94C1AD37E8100A404B7 /* Resources */,
				B28FB651374F47AF3832A905 /* Copy Pods Resources */,
			);
			buildRules = (
			);
			dependencies = (
			);
			name = SoundBomber;
			productName = SoundBomber;
			productReference = 436EB94E1AD37E8100A404B7 /* SoundBomber.app */;
			productType = "com.apple.product-type.application";
		};
		436EB9661AD37E8100A404B7 /* SoundBomberTests */ = {
			isa = PBXNativeTarget;
			buildConfigurationList = 436EB9741AD37E8100A404B7 /* Build configuration list for PBXNativeTarget "SoundBomberTests" */;
			buildPhases = (
				436EB9631AD37E8100A404B7 /* Sources */,
				436EB9641AD37E8100A404B7 /* Frameworks */,
				436EB9651AD37E8100A404B7 /* Resources */,
			);
			buildRules = (
			);
			dependencies = (
				436EB9691AD37E8100A404B7 /* PBXTargetDependency */,
			);
			name = SoundBomberTests;
			productName = SoundBomberTests;
			productReference = 436EB9671AD37E8100A404B7 /* SoundBomberTests.xctest */;
			productType = "com.apple.product-type.bundle.unit-test";
		};
/* End PBXNativeTarget section */

/* Begin PBXProject section */
		436EB9461AD37E8100A404B7 /* Project object */ = {
			isa = PBXProject;
			attributes = {
				LastUpgradeCheck = 0620;
				ORGANIZATIONNAME = "Jake Saferstein";
				TargetAttributes = {
					436EB94D1AD37E8100A404B7 = {
						CreatedOnToolsVersion = 6.2;
						DevelopmentTeam = EYAM5ZUJCY;
						SystemCapabilities = {
							com.apple.ApplicationGroups.iOS = {
								enabled = 1;
							};
						};
					};
					436EB9661AD37E8100A404B7 = {
						CreatedOnToolsVersion = 6.2;
						TestTargetID = 436EB94D1AD37E8100A404B7;
					};
				};
			};
			buildConfigurationList = 436EB9491AD37E8100A404B7 /* Build configuration list for PBXProject "SoundBomber" */;
			compatibilityVersion = "Xcode 3.2";
			developmentRegion = English;
			hasScannedForEncodings = 0;
			knownRegions = (
				en,
				Base,
			);
			mainGroup = 436EB9451AD37E8100A404B7;
			productRefGroup = 436EB94F1AD37E8100A404B7 /* Products */;
			projectDirPath = "";
			projectRoot = "";
			targets = (
				436EB94D1AD37E8100A404B7 /* SoundBomber */,
				436EB9661AD37E8100A404B7 /* SoundBomberTests */,
			);
		};
/* End PBXProject section */

/* Begin PBXResourcesBuildPhase section */
		436EB94C1AD37E8100A404B7 /* Resources */ = {
			isa = PBXResourcesBuildPhase;
			buildActionMask = 2147483647;
			files = (
				436EB9621AD37E8100A404B7 /* LaunchScreen.xib in Resources */,
				439238EF1AEFF3E300644E1B /* Scream5.caf in Resources */,
				432B0C6B1AD48B3E0086B4A3 /* airstrike.mp3 in Resources */,
				437AECA71AF441B0009EE056 /* speakerIcon3x.png in Resources */,
				432B0C6E1AD48B3E0086B4A3 /* Fart3.caf in Resources */,
				437AECAA1AF44467009EE056 /* bomb2x.png in Resources */,
				437AECAB1AF44467009EE056 /* bomb3x.png in Resources */,
				439238FB1AEFF4CE00644E1B /* Horn6.caf in Resources */,
				432B0C701AD48B3E0086B4A3 /* Fart5.caf in Resources */,
				432B0C6C1AD48B3E0086B4A3 /* Fart1.caf in Resources */,
				432B0C6D1AD48B3E0086B4A3 /* Fart2.caf in Resources */,
				439238FD1AEFF4CE00644E1B /* Horn1.caf in Resources */,
				439238FA1AEFF4CE00644E1B /* Horn5.caf in Resources */,
				439238FE1AEFF4CE00644E1B /* Horn2.caf in Resources */,
				439238F11AEFF3E300644E1B /* Scream7.caf in Resources */,
				432B0C6F1AD48B3E0086B4A3 /* Fart4.caf in Resources */,
				432B0C571AD3BA770086B4A3 /* speaker1.png in Resources */,
				439238F01AEFF3E300644E1B /* Scream6.caf in Resources */,
				432B0C721AD48B3E0086B4A3 /* Fart7.caf in Resources */,
				439238FF1AEFF4CE00644E1B /* Horn3.caf in Resources */,
				432B0C5C1AD44B300086B4A3 /* otherImg1.jpg in Resources */,
				432B0C531AD3B3A80086B4A3 /* cameraBtn.png in Resources */,
				43096DD51AF54B6D00BB817B /* bigSpeaker.png in Resources */,
				439238FC1AEFF4CE00644E1B /* Horn7.caf in Resources */,
				437AECA61AF441B0009EE056 /* speakerIcon2x.png in Resources */,
				436EB95F1AD37E8100A404B7 /* Images.xcassets in Resources */,
				439238ED1AEFF3E300644E1B /* Scream3.caf in Resources */,
				439238EB1AEFF3E300644E1B /* Scream1.caf in Resources */,
				432B0C711AD48B3E0086B4A3 /* Fart6.caf in Resources */,
				43FC78E81ADC17D5007CB16B /* facebookLoading.png in Resources */,
				439238F91AEFF4CE00644E1B /* Horn4.caf in Resources */,
				439238EC1AEFF3E300644E1B /* Scream2.caf in Resources */,
				439238EE1AEFF3E300644E1B /* Scream4.caf in Resources */,
				432B0C541AD3B3A80086B4A3 /* settingsBtn.png in Resources */,
			);
			runOnlyForDeploymentPostprocessing = 0;
		};
		436EB9651AD37E8100A404B7 /* Resources */ = {
			isa = PBXResourcesBuildPhase;
			buildActionMask = 2147483647;
			files = (
			);
			runOnlyForDeploymentPostprocessing = 0;
		};
/* End PBXResourcesBuildPhase section */

/* Begin PBXShellScriptBuildPhase section */
		1F850A2CA7C09E2946863F16 /* Check Pods Manifest.lock */ = {
			isa = PBXShellScriptBuildPhase;
			buildActionMask = 2147483647;
			files = (
			);
			inputPaths = (
			);
			name = "Check Pods Manifest.lock";
			outputPaths = (
			);
			runOnlyForDeploymentPostprocessing = 0;
			shellPath = /bin/sh;
			shellScript = "diff \"${PODS_ROOT}/../Podfile.lock\" \"${PODS_ROOT}/Manifest.lock\" > /dev/null\nif [[ $? != 0 ]] ; then\n    cat << EOM\nerror: The sandbox is not in sync with the Podfile.lock. Run 'pod install' or update your CocoaPods installation.\nEOM\n    exit 1\nfi\n";
			showEnvVarsInLog = 0;
		};
		B28FB651374F47AF3832A905 /* Copy Pods Resources */ = {
			isa = PBXShellScriptBuildPhase;
			buildActionMask = 2147483647;
			files = (
			);
			inputPaths = (
			);
			name = "Copy Pods Resources";
			outputPaths = (
			);
			runOnlyForDeploymentPostprocessing = 0;
			shellPath = /bin/sh;
			shellScript = "\"${SRCROOT}/Pods/Target Support Files/Pods/Pods-resources.sh\"\n";
			showEnvVarsInLog = 0;
		};
/* End PBXShellScriptBuildPhase section */

/* Begin PBXSourcesBuildPhase section */
		436EB94A1AD37E8100A404B7 /* Sources */ = {
			isa = PBXSourcesBuildPhase;
			buildActionMask = 2147483647;
			files = (
				43FC78EB1ADC18A5007CB16B /* SAFParseHelper.m in Sources */,
				4367B7521AD3ADC50032C4F8 /* OfflineViewController.m in Sources */,
				432B0C5A1AD3BBFF0086B4A3 /* SAFView.m in Sources */,
				43801A171AE758FE009B717B /* FriendTableViewCell.m in Sources */,
				436EB9571AD37E8100A404B7 /* AppDelegate.m in Sources */,
				4367B74F1AD3A8B10032C4F8 /* SAFTabBarController.m in Sources */,
				436EB9541AD37E8100A404B7 /* main.m in Sources */,
				43FC78EE1ADC2CFE007CB16B /* Singleton.m in Sources */,
				439CC2241AF1440500B74EA1 /* SettingsViewController.m in Sources */,
				432B0C611AD48A600086B4A3 /* AudioHelper.m in Sources */,
				4367B7551AD3ADD70032C4F8 /* OnlineViewController.m in Sources */,
				439CC2271AF15C7600B74EA1 /* SoundTableViewCell.m in Sources */,
			);
			runOnlyForDeploymentPostprocessing = 0;
		};
		436EB9631AD37E8100A404B7 /* Sources */ = {
			isa = PBXSourcesBuildPhase;
			buildActionMask = 2147483647;
			files = (
				436EB96E1AD37E8100A404B7 /* SoundBomberTests.m in Sources */,
			);
			runOnlyForDeploymentPostprocessing = 0;
		};
/* End PBXSourcesBuildPhase section */

/* Begin PBXTargetDependency section */
		436EB9691AD37E8100A404B7 /* PBXTargetDependency */ = {
			isa = PBXTargetDependency;
			target = 436EB94D1AD37E8100A404B7 /* SoundBomber */;
			targetProxy = 436EB9681AD37E8100A404B7 /* PBXContainerItemProxy */;
		};
/* End PBXTargetDependency section */

/* Begin PBXVariantGroup section */
		436EB9601AD37E8100A404B7 /* LaunchScreen.xib */ = {
			isa = PBXVariantGroup;
			children = (
				436EB9611AD37E8100A404B7 /* Base */,
			);
			name = LaunchScreen.xib;
			sourceTree = "<group>";
		};
/* End PBXVariantGroup section */

/* Begin XCBuildConfiguration section */
		436EB96F1AD37E8100A404B7 /* Debug */ = {
			isa = XCBuildConfiguration;
			buildSettings = {
				ALWAYS_SEARCH_USER_PATHS = NO;
				CLANG_CXX_LANGUAGE_STANDARD = "gnu++0x";
				CLANG_CXX_LIBRARY = "libc++";
				CLANG_ENABLE_MODULES = YES;
				CLANG_ENABLE_OBJC_ARC = YES;
				CLANG_WARN_BOOL_CONVERSION = YES;
				CLANG_WARN_CONSTANT_CONVERSION = YES;
				CLANG_WARN_DIRECT_OBJC_ISA_USAGE = YES_ERROR;
				CLANG_WARN_EMPTY_BODY = YES;
				CLANG_WARN_ENUM_CONVERSION = YES;
				CLANG_WARN_INT_CONVERSION = YES;
				CLANG_WARN_OBJC_ROOT_CLASS = YES_ERROR;
				CLANG_WARN_UNREACHABLE_CODE = YES;
				CLANG_WARN__DUPLICATE_METHOD_MATCH = YES;
				"CODE_SIGN_IDENTITY[sdk=iphoneos*]" = "iPhone Developer";
				COPY_PHASE_STRIP = NO;
				ENABLE_STRICT_OBJC_MSGSEND = YES;
				GCC_C_LANGUAGE_STANDARD = gnu99;
				GCC_DYNAMIC_NO_PIC = NO;
				GCC_OPTIMIZATION_LEVEL = 0;
				GCC_PREPROCESSOR_DEFINITIONS = (
					"DEBUG=1",
					"$(inherited)",
				);
				GCC_SYMBOLS_PRIVATE_EXTERN = NO;
				GCC_WARN_64_TO_32_BIT_CONVERSION = YES;
				GCC_WARN_ABOUT_RETURN_TYPE = YES_ERROR;
				GCC_WARN_UNDECLARED_SELECTOR = YES;
				GCC_WARN_UNINITIALIZED_AUTOS = YES_AGGRESSIVE;
				GCC_WARN_UNUSED_FUNCTION = YES;
				GCC_WARN_UNUSED_VARIABLE = YES;
				IPHONEOS_DEPLOYMENT_TARGET = 8.2;
				MTL_ENABLE_DEBUG_INFO = YES;
				ONLY_ACTIVE_ARCH = YES;
				SDKROOT = iphoneos;
			};
			name = Debug;
		};
		436EB9701AD37E8100A404B7 /* Release */ = {
			isa = XCBuildConfiguration;
			buildSettings = {
				ALWAYS_SEARCH_USER_PATHS = NO;
				CLANG_CXX_LANGUAGE_STANDARD = "gnu++0x";
				CLANG_CXX_LIBRARY = "libc++";
				CLANG_ENABLE_MODULES = YES;
				CLANG_ENABLE_OBJC_ARC = YES;
				CLANG_WARN_BOOL_CONVERSION = YES;
				CLANG_WARN_CONSTANT_CONVERSION = YES;
				CLANG_WARN_DIRECT_OBJC_ISA_USAGE = YES_ERROR;
				CLANG_WARN_EMPTY_BODY = YES;
				CLANG_WARN_ENUM_CONVERSION = YES;
				CLANG_WARN_INT_CONVERSION = YES;
				CLANG_WARN_OBJC_ROOT_CLASS = YES_ERROR;
				CLANG_WARN_UNREACHABLE_CODE = YES;
				CLANG_WARN__DUPLICATE_METHOD_MATCH = YES;
				"CODE_SIGN_IDENTITY[sdk=iphoneos*]" = "iPhone Developer";
				COPY_PHASE_STRIP = NO;
				ENABLE_NS_ASSERTIONS = NO;
				ENABLE_STRICT_OBJC_MSGSEND = YES;
				GCC_C_LANGUAGE_STANDARD = gnu99;
				GCC_WARN_64_TO_32_BIT_CONVERSION = YES;
				GCC_WARN_ABOUT_RETURN_TYPE = YES_ERROR;
				GCC_WARN_UNDECLARED_SELECTOR = YES;
				GCC_WARN_UNINITIALIZED_AUTOS = YES_AGGRESSIVE;
				GCC_WARN_UNUSED_FUNCTION = YES;
				GCC_WARN_UNUSED_VARIABLE = YES;
				IPHONEOS_DEPLOYMENT_TARGET = 8.2;
				MTL_ENABLE_DEBUG_INFO = NO;
				SDKROOT = iphoneos;
				VALIDATE_PRODUCT = YES;
			};
			name = Release;
		};
		436EB9721AD37E8100A404B7 /* Debug */ = {
			isa = XCBuildConfiguration;
			baseConfigurationReference = EA72B5F94F9184640E24F04D /* Pods.debug.xcconfig */;
			buildSettings = {
				ASSETCATALOG_COMPILER_APPICON_NAME = AppIcon;
				CODE_SIGN_ENTITLEMENTS = SoundBomber/SoundBomber.entitlements;
				CODE_SIGN_IDENTITY = "iPhone Developer";
				"CODE_SIGN_IDENTITY[sdk=iphoneos*]" = "iPhone Developer";
				GCC_PRECOMPILE_PREFIX_HEADER = YES;
				GCC_PREFIX_HEADER = SoundBomber/PrefixHeader.pch;
				INFOPLIST_FILE = SoundBomber/Info.plist;
				LD_RUNPATH_SEARCH_PATHS = "$(inherited) @executable_path/Frameworks";
				PRODUCT_NAME = "$(TARGET_NAME)";
				PROVISIONING_PROFILE = "";
			};
			name = Debug;
		};
		436EB9731AD37E8100A404B7 /* Release */ = {
			isa = XCBuildConfiguration;
			baseConfigurationReference = 343B2E21D762127757DE397A /* Pods.release.xcconfig */;
			buildSettings = {
				ASSETCATALOG_COMPILER_APPICON_NAME = AppIcon;
				CODE_SIGN_ENTITLEMENTS = SoundBomber/SoundBomber.entitlements;
				CODE_SIGN_IDENTITY = "iPhone Distribution";
				"CODE_SIGN_IDENTITY[sdk=iphoneos*]" = "iPhone Developer";
				GCC_PRECOMPILE_PREFIX_HEADER = YES;
				GCC_PREFIX_HEADER = SoundBomber/PrefixHeader.pch;
				INFOPLIST_FILE = SoundBomber/Info.plist;
				LD_RUNPATH_SEARCH_PATHS = "$(inherited) @executable_path/Frameworks";
				PRODUCT_NAME = "$(TARGET_NAME)";
				PROVISIONING_PROFILE = "";
			};
			name = Release;
		};
		436EB9751AD37E8100A404B7 /* Debug */ = {
			isa = XCBuildConfiguration;
			buildSettings = {
				BUNDLE_LOADER = "$(TEST_HOST)";
				FRAMEWORK_SEARCH_PATHS = (
					"$(SDKROOT)/Developer/Library/Frameworks",
					"$(inherited)",
				);
				GCC_PREPROCESSOR_DEFINITIONS = (
					"DEBUG=1",
					"$(inherited)",
				);
				INFOPLIST_FILE = SoundBomberTests/Info.plist;
				LD_RUNPATH_SEARCH_PATHS = "$(inherited) @executable_path/Frameworks @loader_path/Frameworks";
				PRODUCT_NAME = "$(TARGET_NAME)";
				TEST_HOST = "$(BUILT_PRODUCTS_DIR)/SoundBomber.app/SoundBomber";
			};
			name = Debug;
		};
		436EB9761AD37E8100A404B7 /* Release */ = {
			isa = XCBuildConfiguration;
			buildSettings = {
				BUNDLE_LOADER = "$(TEST_HOST)";
				FRAMEWORK_SEARCH_PATHS = (
					"$(SDKROOT)/Developer/Library/Frameworks",
					"$(inherited)",
				);
				INFOPLIST_FILE = SoundBomberTests/Info.plist;
				LD_RUNPATH_SEARCH_PATHS = "$(inherited) @executable_path/Frameworks @loader_path/Frameworks";
				PRODUCT_NAME = "$(TARGET_NAME)";
				TEST_HOST = "$(BUILT_PRODUCTS_DIR)/SoundBomber.app/SoundBomber";
			};
			name = Release;
		};
/* End XCBuildConfiguration section */

/* Begin XCConfigurationList section */
		436EB9491AD37E8100A404B7 /* Build configuration list for PBXProject "SoundBomber" */ = {
			isa = XCConfigurationList;
			buildConfigurations = (
				436EB96F1AD37E8100A404B7 /* Debug */,
				436EB9701AD37E8100A404B7 /* Release */,
			);
			defaultConfigurationIsVisible = 0;
			defaultConfigurationName = Release;
		};
		436EB9711AD37E8100A404B7 /* Build configuration list for PBXNativeTarget "SoundBomber" */ = {
			isa = XCConfigurationList;
			buildConfigurations = (
				436EB9721AD37E8100A404B7 /* Debug */,
				436EB9731AD37E8100A404B7 /* Release */,
			);
			defaultConfigurationIsVisible = 0;
			defaultConfigurationName = Release;
		};
		436EB9741AD37E8100A404B7 /* Build configuration list for PBXNativeTarget "SoundBomberTests" */ = {
			isa = XCConfigurationList;
			buildConfigurations = (
				436EB9751AD37E8100A404B7 /* Debug */,
				436EB9761AD37E8100A404B7 /* Release */,
			);
			defaultConfigurationIsVisible = 0;
			defaultConfigurationName = Release;
		};
/* End XCConfigurationList section */
	};
	rootObject = 436EB9461AD37E8100A404B7 /* Project object */;
}
